
Microsoft Visual Studio Solution File, Format Version 12.00
# Visual Studio 14
VisualStudioVersion = 14.0.25420.1
MinimumVisualStudioVersion = 10.0.40219.1
Project("{FAE04EC0-301F-11D3-BF4B-00C04F79EFBC}") = "SimpleCalculator", "SimpleCalculator\SimpleCalculator.csproj", "{88E38A15-E7B6-4102-AB57-24F51F4D7FF1}"
EndProject
Project("{FAE04EC0-301F-11D3-BF4B-00C04F79EFBC}") = "SimpleCalculator.Tests.Unit", "SimpleCalculator.Tests.Unit\SimpleCalculator.Tests.Unit.csproj", "{E76BB3CE-1DBC-4E66-8195-A7B0A5342177}"
EndProject
Global
	GlobalSection(SolutionConfigurationPlatforms) = preSolution
		Debug|Any CPU = Debug|Any CPU
		Release|Any CPU = Release|Any CPU
	EndGlobalSection
	GlobalSection(ProjectConfigurationPlatforms) = postSolution
		{88E38A15-E7B6-4102-AB57-24F51F4D7FF1}.Debug|Any CPU.ActiveCfg = Debug|Any CPU
		{88E38A15-E7B6-4102-AB57-24F51F4D7FF1}.Debug|Any CPU.Build.0 = Debug|Any CPU
		{88E38A15-E7B6-4102-AB57-24F51F4D7FF1}.Release|Any CPU.ActiveCfg = Release|Any CPU
		{88E38A15-E7B6-4102-AB57-24F51F4D7FF1}.Release|Any CPU.Build.0 = Release|Any CPU
		{E76BB3CE-1DBC-4E66-8195-A7B0A5342177}.Debug|Any CPU.ActiveCfg = Debug|Any CPU
		{E76BB3CE-1DBC-4E66-8195-A7B0A5342177}.Debug|Any CPU.Build.0 = Debug|Any CPU
		{E76BB3CE-1DBC-4E66-8195-A7B0A5342177}.Release|Any CPU.ActiveCfg = Release|Any CPU
		{E76BB3CE-1DBC-4E66-8195-A7B0A5342177}.Release|Any CPU.Build.0 = Release|Any CPU
	EndGlobalSection
	GlobalSection(SolutionProperties) = preSolution
		HideSolutionNode = FALSE
	EndGlobalSection
EndGlobal
